// !$*UTF8*$!
{
	archiveVersion = 1;
	classes = {
	};
	objectVersion = 45;
	objects = {

/* Begin PBXBuildFile section */
		1CFBA981129DB386004F383A /* Expect.m in Sources */ = {isa = PBXBuildFile; fileRef = 1CFBA97D129DB386004F383A /* Expect.m */; };
		1CFBA982129DB386004F383A /* ExpectacularFailure.m in Sources */ = {isa = PBXBuildFile; fileRef = 1CFBA980129DB386004F383A /* ExpectacularFailure.m */; };
		1CFBA986129DB390004F383A /* ExpectacularSpec.m in Sources */ = {isa = PBXBuildFile; fileRef = 1CFBA984129DB390004F383A /* ExpectacularSpec.m */; };
		1CFBA987129DB390004F383A /* main.m in Sources */ = {isa = PBXBuildFile; fileRef = 1CFBA985129DB390004F383A /* main.m */; };
		AE4277B711EF91AD00CFF331 /* OCHamcrest.framework in Frameworks */ = {isa = PBXBuildFile; fileRef = AE4277B611EF91AD00CFF331 /* OCHamcrest.framework */; };
		AE4277F911EF91FB00CFF331 /* OCMock.framework in Frameworks */ = {isa = PBXBuildFile; fileRef = AE4277F811EF91FB00CFF331 /* OCMock.framework */; };
		AE42780311EF921B00CFF331 /* Cedar.framework in Frameworks */ = {isa = PBXBuildFile; fileRef = AE42778911EF8FD600CFF331 /* Cedar.framework */; };
		AE42781011EF929700CFF331 /* Cedar.framework in CopyFiles */ = {isa = PBXBuildFile; fileRef = AE42778911EF8FD600CFF331 /* Cedar.framework */; };
		AE42781111EF929700CFF331 /* OCHamcrest.framework in CopyFiles */ = {isa = PBXBuildFile; fileRef = AE4277B611EF91AD00CFF331 /* OCHamcrest.framework */; };
		AE42781211EF929700CFF331 /* OCMock.framework in CopyFiles */ = {isa = PBXBuildFile; fileRef = AE4277F811EF91FB00CFF331 /* OCMock.framework */; };
/* End PBXBuildFile section */

/* Begin PBXCopyFilesBuildPhase section */
		AE42781311EF92B600CFF331 /* CopyFiles */ = {
			isa = PBXCopyFilesBuildPhase;
			buildActionMask = 2147483647;
			dstPath = "";
			dstSubfolderSpec = 10;
			files = (
				AE42781011EF929700CFF331 /* Cedar.framework in CopyFiles */,
				AE42781111EF929700CFF331 /* OCHamcrest.framework in CopyFiles */,
				AE42781211EF929700CFF331 /* OCMock.framework in CopyFiles */,
			);
			runOnlyForDeploymentPostprocessing = 0;
		};
/* End PBXCopyFilesBuildPhase section */

/* Begin PBXFileReference section */
		08FB779EFE84155DC02AAC07 /* Foundation.framework */ = {isa = PBXFileReference; lastKnownFileType = wrapper.framework; name = Foundation.framework; path = /System/Library/Frameworks/Foundation.framework; sourceTree = "<absolute>"; };
		1C311694129756E70085CF37 /* Rakefile */ = {isa = PBXFileReference; fileEncoding = 4; lastKnownFileType = text; path = Rakefile; sourceTree = "<group>"; };
		1C66E1AB129B130400AA1B63 /* README.md */ = {isa = PBXFileReference; fileEncoding = 4; lastKnownFileType = text; path = README.md; sourceTree = "<group>"; };
		1CFBA97C129DB386004F383A /* Expect.h */ = {isa = PBXFileReference; fileEncoding = 4; lastKnownFileType = sourcecode.c.h; path = Expect.h; sourceTree = "<group>"; };
		1CFBA97D129DB386004F383A /* Expect.m */ = {isa = PBXFileReference; fileEncoding = 4; lastKnownFileType = sourcecode.c.objc; path = Expect.m; sourceTree = "<group>"; };
		1CFBA97F129DB386004F383A /* ExpectacularFailure.h */ = {isa = PBXFileReference; fileEncoding = 4; lastKnownFileType = sourcecode.c.h; path = ExpectacularFailure.h; sourceTree = "<group>"; };
		1CFBA980129DB386004F383A /* ExpectacularFailure.m */ = {isa = PBXFileReference; fileEncoding = 4; lastKnownFileType = sourcecode.c.objc; path = ExpectacularFailure.m; sourceTree = "<group>"; };
		1CFBA984129DB390004F383A /* ExpectacularSpec.m */ = {isa = PBXFileReference; fileEncoding = 4; lastKnownFileType = sourcecode.c.objc; path = ExpectacularSpec.m; sourceTree = "<group>"; };
		1CFBA985129DB390004F383A /* main.m */ = {isa = PBXFileReference; fileEncoding = 4; lastKnownFileType = sourcecode.c.objc; path = main.m; sourceTree = "<group>"; };
		1CFBA9B7129DB5A2004F383A /* Expectacular_Prefix.pch */ = {isa = PBXFileReference; fileEncoding = 4; lastKnownFileType = sourcecode.c.h; path = Expectacular_Prefix.pch; sourceTree = "<group>"; };
		1CFBA9C2129DB8D3004F383A /* Expect.erb.h */ = {isa = PBXFileReference; fileEncoding = 4; lastKnownFileType = sourcecode.c.h; path = Expect.erb.h; sourceTree = "<group>"; };
		1CFBA9C3129DB8D3004F383A /* Expect.erb.m */ = {isa = PBXFileReference; fileEncoding = 4; lastKnownFileType = sourcecode.c.objc; path = Expect.erb.m; sourceTree = "<group>"; };
		AE2667B111EFC2B000EE18BD /* OCMock-iPhone.framework */ = {isa = PBXFileReference; lastKnownFileType = wrapper.framework; path = "OCMock-iPhone.framework"; sourceTree = "<group>"; };
		AE42778911EF8FD600CFF331 /* Cedar.framework */ = {isa = PBXFileReference; lastKnownFileType = wrapper.framework; path = Cedar.framework; sourceTree = "<group>"; };
		AE4277AC11EF914F00CFF331 /* Specs */ = {isa = PBXFileReference; explicitFileType = "compiled.mach-o.executable"; includeInIndex = 0; path = Specs; sourceTree = BUILT_PRODUCTS_DIR; };
		AE4277B611EF91AD00CFF331 /* OCHamcrest.framework */ = {isa = PBXFileReference; lastKnownFileType = wrapper.framework; path = OCHamcrest.framework; sourceTree = "<group>"; };
		AE4277F811EF91FB00CFF331 /* OCMock.framework */ = {isa = PBXFileReference; lastKnownFileType = wrapper.framework; path = OCMock.framework; sourceTree = "<group>"; };
		AE42792411EF992A00CFF331 /* Cedar-iPhone.framework */ = {isa = PBXFileReference; lastKnownFileType = wrapper.framework; path = "Cedar-iPhone.framework"; sourceTree = "<group>"; };
		AE42794311EF997500CFF331 /* OCHamcrest-iPhone.framework */ = {isa = PBXFileReference; lastKnownFileType = wrapper.framework; path = "OCHamcrest-iPhone.framework"; sourceTree = "<group>"; };
/* End PBXFileReference section */

/* Begin PBXFrameworksBuildPhase section */
		AE4277AA11EF914F00CFF331 /* Frameworks */ = {
			isa = PBXFrameworksBuildPhase;
			buildActionMask = 2147483647;
			files = (
				AE42780311EF921B00CFF331 /* Cedar.framework in Frameworks */,
				AE4277B711EF91AD00CFF331 /* OCHamcrest.framework in Frameworks */,
				AE4277F911EF91FB00CFF331 /* OCMock.framework in Frameworks */,
			);
			runOnlyForDeploymentPostprocessing = 0;
		};
/* End PBXFrameworksBuildPhase section */

/* Begin PBXGroup section */
		08FB7794FE84155DC02AAC07 /* Expectacular */ = {
			isa = PBXGroup;
			children = (
				1C66E1AB129B130400AA1B63 /* README.md */,
				1C311694129756E70085CF37 /* Rakefile */,
				1CFBA9B7129DB5A2004F383A /* Expectacular_Prefix.pch */,
				1CFBA983129DB390004F383A /* Specs */,
				1CFBA97B129DB2DA004F383A /* Classes */,
				1CFBA9C1129DB8A4004F383A /* Templates */,
				AE42778811EF8FD600CFF331 /* Externals */,
				1AB674ADFE9D54B511CA2CBB /* Products */,
			);
			name = Expectacular;
			sourceTree = "<group>";
		};
		1AB674ADFE9D54B511CA2CBB /* Products */ = {
			isa = PBXGroup;
			children = (
				AE4277AC11EF914F00CFF331 /* Specs */,
			);
			name = Products;
			sourceTree = "<group>";
		};
		1CFBA97B129DB2DA004F383A /* Classes */ = {
			isa = PBXGroup;
			children = (
				1CFBA97C129DB386004F383A /* Expect.h */,
				1CFBA97D129DB386004F383A /* Expect.m */,
				1CFBA97F129DB386004F383A /* ExpectacularFailure.h */,
				1CFBA980129DB386004F383A /* ExpectacularFailure.m */,
			);
			path = Classes;
			sourceTree = "<group>";
		};
		1CFBA983129DB390004F383A /* Specs */ = {
			isa = PBXGroup;
			children = (
				1CFBA984129DB390004F383A /* ExpectacularSpec.m */,
				1CFBA985129DB390004F383A /* main.m */,
			);
			path = Specs;
			sourceTree = "<group>";
		};
		1CFBA9C1129DB8A4004F383A /* Templates */ = {
			isa = PBXGroup;
			children = (
				1CFBA9C2129DB8D3004F383A /* Expect.erb.h */,
				1CFBA9C3129DB8D3004F383A /* Expect.erb.m */,
			);
			path = Templates;
			sourceTree = "<group>";
		};
		AE42778811EF8FD600CFF331 /* Externals */ = {
			isa = PBXGroup;
			children = (
				AE2667B111EFC2B000EE18BD /* OCMock-iPhone.framework */,
				08FB779EFE84155DC02AAC07 /* Foundation.framework */,
				AE42778911EF8FD600CFF331 /* Cedar.framework */,
				AE4277B611EF91AD00CFF331 /* OCHamcrest.framework */,
				AE4277F811EF91FB00CFF331 /* OCMock.framework */,
				AE42792411EF992A00CFF331 /* Cedar-iPhone.framework */,
				AE42794311EF997500CFF331 /* OCHamcrest-iPhone.framework */,
			);
			path = Externals;
			sourceTree = "<group>";
		};
/* End PBXGroup section */

/* Begin PBXNativeTarget section */
		AE4277AB11EF914F00CFF331 /* Specs */ = {
			isa = PBXNativeTarget;
			buildConfigurationList = AE4277B511EF918900CFF331 /* Build configuration list for PBXNativeTarget "Specs" */;
			buildPhases = (
				AE4277A911EF914F00CFF331 /* Sources */,
				AE4277AA11EF914F00CFF331 /* Frameworks */,
				AE42781311EF92B600CFF331 /* CopyFiles */,
			);
			buildRules = (
			);
			dependencies = (
			);
			name = Specs;
			productName = Specs;
			productReference = AE4277AC11EF914F00CFF331 /* Specs */;
			productType = "com.apple.product-type.tool";
		};
/* End PBXNativeTarget section */

/* Begin PBXProject section */
		08FB7793FE84155DC02AAC07 /* Project object */ = {
			isa = PBXProject;
			buildConfigurationList = 1DEB927808733DD40010E9CD /* Build configuration list for PBXProject "Expectacular" */;
			compatibilityVersion = "Xcode 3.1";
			developmentRegion = English;
			hasScannedForEncodings = 1;
			knownRegions = (
				English,
				Japanese,
				French,
				German,
			);
			mainGroup = 08FB7794FE84155DC02AAC07 /* Expectacular */;
			projectDirPath = "";
			projectRoot = "";
			targets = (
				AE4277AB11EF914F00CFF331 /* Specs */,
			);
		};
/* End PBXProject section */

/* Begin PBXSourcesBuildPhase section */
		AE4277A911EF914F00CFF331 /* Sources */ = {
			isa = PBXSourcesBuildPhase;
			buildActionMask = 2147483647;
			files = (
				1CFBA981129DB386004F383A /* Expect.m in Sources */,
				1CFBA982129DB386004F383A /* ExpectacularFailure.m in Sources */,
				1CFBA986129DB390004F383A /* ExpectacularSpec.m in Sources */,
				1CFBA987129DB390004F383A /* main.m in Sources */,
			);
			runOnlyForDeploymentPostprocessing = 0;
		};
/* End PBXSourcesBuildPhase section */

/* Begin XCBuildConfiguration section */
		1DEB927908733DD40010E9CD /* Debug */ = {
			isa = XCBuildConfiguration;
			buildSettings = {
				ARCHS = "$(ARCHS_STANDARD_32_64_BIT)";
				GCC_C_LANGUAGE_STANDARD = c99;
				GCC_OPTIMIZATION_LEVEL = 0;
				GCC_WARN_ABOUT_RETURN_TYPE = YES;
				GCC_WARN_UNUSED_VARIABLE = YES;
				ONLY_ACTIVE_ARCH = YES;
				PREBINDING = NO;
				SDKROOT = macosx10.6;
			};
			name = Debug;
		};
		1DEB927A08733DD40010E9CD /* Release */ = {
			isa = XCBuildConfiguration;
			buildSettings = {
				ARCHS = "$(ARCHS_STANDARD_32_64_BIT)";
				GCC_C_LANGUAGE_STANDARD = c99;
				GCC_WARN_ABOUT_RETURN_TYPE = YES;
				GCC_WARN_UNUSED_VARIABLE = YES;
				PREBINDING = NO;
				SDKROOT = macosx10.6;
			};
			name = Release;
		};
		AE4277AE11EF914F00CFF331 /* Debug */ = {
			isa = XCBuildConfiguration;
			buildSettings = {
				ALWAYS_SEARCH_USER_PATHS = NO;
				COPY_PHASE_STRIP = NO;
				FRAMEWORK_SEARCH_PATHS = (
					"$(inherited)",
					"\"$(SRCROOT)/Externals\"",
					"\"$(SRCROOT)\"",
				);
				GCC_DYNAMIC_NO_PIC = NO;
				GCC_ENABLE_FIX_AND_CONTINUE = YES;
				GCC_MODEL_TUNING = G5;
				GCC_OPTIMIZATION_LEVEL = 0;
				GCC_PRECOMPILE_PREFIX_HEADER = YES;
				GCC_PREFIX_HEADER = "";
				INSTALL_PATH = /usr/local/bin;
				OTHER_LDFLAGS = (
					"-framework",
					Foundation,
				);
				PREBINDING = NO;
				PRODUCT_NAME = Specs;
			};
			name = Debug;
		};
		AE4277AF11EF914F00CFF331 /* Release */ = {
			isa = XCBuildConfiguration;
			buildSettings = {
				ALWAYS_SEARCH_USER_PATHS = NO;
				COPY_PHASE_STRIP = YES;
				DEBUG_INFORMATION_FORMAT = "dwarf-with-dsym";
				FRAMEWORK_SEARCH_PATHS = (
					"$(inherited)",
					"\"$(SRCROOT)/Externals\"",
					"\"$(SRCROOT)\"",
				);
				GCC_ENABLE_FIX_AND_CONTINUE = NO;
				GCC_MODEL_TUNING = G5;
				GCC_PRECOMPILE_PREFIX_HEADER = YES;
				GCC_PREFIX_HEADER = "";
				INSTALL_PATH = /usr/local/bin;
				OTHER_LDFLAGS = (
					"-framework",
					Foundation,
				);
				PREBINDING = NO;
				PRODUCT_NAME = Specs;
				ZERO_LINK = NO;
			};
			name = Release;
		};
/* End XCBuildConfiguration section */

/* Begin XCConfigurationList section */
		1DEB927808733DD40010E9CD /* Build configuration list for PBXProject "Expectacular" */ = {
			isa = XCConfigurationList;
			buildConfigurations = (
				1DEB927908733DD40010E9CD /* Debug */,
				1DEB927A08733DD40010E9CD /* Release */,
			);
			defaultConfigurationIsVisible = 0;
			defaultConfigurationName = Release;
		};
		AE4277B511EF918900CFF331 /* Build configuration list for PBXNativeTarget "Specs" */ = {
			isa = XCConfigurationList;
			buildConfigurations = (
				AE4277AE11EF914F00CFF331 /* Debug */,
				AE4277AF11EF914F00CFF331 /* Release */,
			);
			defaultConfigurationIsVisible = 0;
			defaultConfigurationName = Release;
		};
/* End XCConfigurationList section */
	};
	rootObject = 08FB7793FE84155DC02AAC07 /* Project object */;
}
